
Microsoft Visual Studio Solution File, Format Version 12.00
# Visual Studio Version 17
VisualStudioVersion = 17.14.36401.2
MinimumVisualStudioVersion = 10.0.40219.1
Project("{FAE04EC0-301F-11D3-BF4B-00C04F79EFBC}") = "Aufgabe1", "Aufgabe1\Aufgabe1.csproj", "{78F49B19-4941-4FDD-B534-66B4189F279A}"
EndProject
Project("{FAE04EC0-301F-11D3-BF4B-00C04F79EFBC}") = "Aufgabe2", "Aufgabe2\Aufgabe2.csproj", "{9C91210C-85D1-4C75-90F9-036EDEB3F075}"
EndProject
Project("{FAE04EC0-301F-11D3-BF4B-00C04F79EFBC}") = "Aufgabe3", "Aufgabe3\Aufgabe3.csproj", "{7360BCC2-9AA8-4560-B4FE-1FDC7B0F49FD}"
EndProject
Project("{FAE04EC0-301F-11D3-BF4B-00C04F79EFBC}") = "Aufgabe4", "Aufgabe4\Aufgabe4.csproj", "{F2D2A1CA-85C2-48B5-85D1-82C3052E7836}"
EndProject
Project("{FAE04EC0-301F-11D3-BF4B-00C04F79EFBC}") = "Aufgabe5", "Aufgabe5\Aufgabe5.csproj", "{8219A92A-529B-48A8-98F0-E88852C4A324}"
EndProject
Project("{FAE04EC0-301F-11D3-BF4B-00C04F79EFBC}") = "Aufgabe6", "Aufgabe6\Aufgabe6.csproj", "{2B5B408B-59E4-4B62-B629-F2A31F155F2E}"
EndProject
Project("{FAE04EC0-301F-11D3-BF4B-00C04F79EFBC}") = "Aufgabe7", "Aufgabe7\Aufgabe7.csproj", "{D44F6D1D-2C93-4137-BF20-7E0E1C4111C4}"
EndProject
Project("{FAE04EC0-301F-11D3-BF4B-00C04F79EFBC}") = "Aufgabe8", "Aufgabe8\Aufgabe8.csproj", "{C222489F-3ACB-4315-BAA4-2ACBE289B33B}"
EndProject
Project("{FAE04EC0-301F-11D3-BF4B-00C04F79EFBC}") = "Aufgabe9", "Aufgabe9\Aufgabe9.csproj", "{B741DAC4-3909-4ABD-A89D-C4550CC70519}"
EndProject
Project("{FAE04EC0-301F-11D3-BF4B-00C04F79EFBC}") = "Aufgabe10", "Aufgabe10\Aufgabe10.csproj", "{D3072538-BF3A-4FE0-A73B-591621CDCCE7}"
EndProject
Project("{FAE04EC0-301F-11D3-BF4B-00C04F79EFBC}") = "Aufgabe11", "Aufgabe11\Aufgabe11.csproj", "{88368398-7CE9-4935-B9C8-F0A208A5B3B6}"
EndProject
Project("{FAE04EC0-301F-11D3-BF4B-00C04F79EFBC}") = "Aufgabe12", "Aufgabe12\Aufgabe12.csproj", "{D1FCF8C8-5533-4853-9E13-67EC63B7AEE3}"
EndProject
Project("{FAE04EC0-301F-11D3-BF4B-00C04F79EFBC}") = "Aufgabe13", "Aufgabe13\Aufgabe13.csproj", "{AEF3C81F-DF03-4F98-B82A-A17C966B1525}"
EndProject
Project("{FAE04EC0-301F-11D3-BF4B-00C04F79EFBC}") = "Aufgabe14", "Aufgabe14\Aufgabe14.csproj", "{602F1D82-D008-4F4C-9C9D-AFACE76C8470}"
EndProject
Project("{FAE04EC0-301F-11D3-BF4B-00C04F79EFBC}") = "Aufgabe15", "Aufgabe15\Aufgabe15.csproj", "{9AD738E7-9A7F-450D-A511-9D64234FF097}"
EndProject
Project("{FAE04EC0-301F-11D3-BF4B-00C04F79EFBC}") = "Aufgabe16", "Aufgabe16\Aufgabe16.csproj", "{9D88899A-FCD4-4EA1-BCBA-BB22652300F4}"
EndProject
Project("{FAE04EC0-301F-11D3-BF4B-00C04F79EFBC}") = "Aufgabe17", "Aufgabe17\Aufgabe17.csproj", "{17033992-695B-4627-AA58-1F723E82A046}"
EndProject
Project("{FAE04EC0-301F-11D3-BF4B-00C04F79EFBC}") = "Aufgabe18", "Aufgabe18\Aufgabe18.csproj", "{60160617-EEFD-4975-BB11-306E615D6AF1}"
EndProject
Project("{FAE04EC0-301F-11D3-BF4B-00C04F79EFBC}") = "Aufgabe19", "Aufgabe19\Aufgabe19.csproj", "{25A5253B-0444-4153-9734-B83D710E382B}"
EndProject
Project("{FAE04EC0-301F-11D3-BF4B-00C04F79EFBC}") = "Aufgabe20", "Aufgabe20\Aufgabe20.csproj", "{F0BA651B-0B0E-4DEE-A69A-9E4468C8546A}"
EndProject
Global
	GlobalSection(SolutionConfigurationPlatforms) = preSolution
		Debug|Any CPU = Debug|Any CPU
		Release|Any CPU = Release|Any CPU
	EndGlobalSection
	GlobalSection(ProjectConfigurationPlatforms) = postSolution
		{78F49B19-4941-4FDD-B534-66B4189F279A}.Debug|Any CPU.ActiveCfg = Debug|Any CPU
		{78F49B19-4941-4FDD-B534-66B4189F279A}.Debug|Any CPU.Build.0 = Debug|Any CPU
		{78F49B19-4941-4FDD-B534-66B4189F279A}.Release|Any CPU.ActiveCfg = Release|Any CPU
		{78F49B19-4941-4FDD-B534-66B4189F279A}.Release|Any CPU.Build.0 = Release|Any CPU
		{9C91210C-85D1-4C75-90F9-036EDEB3F075}.Debug|Any CPU.ActiveCfg = Debug|Any CPU
		{9C91210C-85D1-4C75-90F9-036EDEB3F075}.Debug|Any CPU.Build.0 = Debug|Any CPU
		{9C91210C-85D1-4C75-90F9-036EDEB3F075}.Release|Any CPU.ActiveCfg = Release|Any CPU
		{9C91210C-85D1-4C75-90F9-036EDEB3F075}.Release|Any CPU.Build.0 = Release|Any CPU
		{7360BCC2-9AA8-4560-B4FE-1FDC7B0F49FD}.Debug|Any CPU.ActiveCfg = Debug|Any CPU
		{7360BCC2-9AA8-4560-B4FE-1FDC7B0F49FD}.Debug|Any CPU.Build.0 = Debug|Any CPU
		{7360BCC2-9AA8-4560-B4FE-1FDC7B0F49FD}.Release|Any CPU.ActiveCfg = Release|Any CPU
		{7360BCC2-9AA8-4560-B4FE-1FDC7B0F49FD}.Release|Any CPU.Build.0 = Release|Any CPU
		{F2D2A1CA-85C2-48B5-85D1-82C3052E7836}.Debug|Any CPU.ActiveCfg = Debug|Any CPU
		{F2D2A1CA-85C2-48B5-85D1-82C3052E7836}.Debug|Any CPU.Build.0 = Debug|Any CPU
		{F2D2A1CA-85C2-48B5-85D1-82C3052E7836}.Release|Any CPU.ActiveCfg = Release|Any CPU
		{F2D2A1CA-85C2-48B5-85D1-82C3052E7836}.Release|Any CPU.Build.0 = Release|Any CPU
		{8219A92A-529B-48A8-98F0-E88852C4A324}.Debug|Any CPU.ActiveCfg = Debug|Any CPU
		{8219A92A-529B-48A8-98F0-E88852C4A324}.Debug|Any CPU.Build.0 = Debug|Any CPU
		{8219A92A-529B-48A8-98F0-E88852C4A324}.Release|Any CPU.ActiveCfg = Release|Any CPU
		{8219A92A-529B-48A8-98F0-E88852C4A324}.Release|Any CPU.Build.0 = Release|Any CPU
		{2B5B408B-59E4-4B62-B629-F2A31F155F2E}.Debug|Any CPU.ActiveCfg = Debug|Any CPU
		{2B5B408B-59E4-4B62-B629-F2A31F155F2E}.Debug|Any CPU.Build.0 = Debug|Any CPU
		{2B5B408B-59E4-4B62-B629-F2A31F155F2E}.Release|Any CPU.ActiveCfg = Release|Any CPU
		{2B5B408B-59E4-4B62-B629-F2A31F155F2E}.Release|Any CPU.Build.0 = Release|Any CPU
		{D44F6D1D-2C93-4137-BF20-7E0E1C4111C4}.Debug|Any CPU.ActiveCfg = Debug|Any CPU
		{D44F6D1D-2C93-4137-BF20-7E0E1C4111C4}.Debug|Any CPU.Build.0 = Debug|Any CPU
		{D44F6D1D-2C93-4137-BF20-7E0E1C4111C4}.Release|Any CPU.ActiveCfg = Release|Any CPU
		{D44F6D1D-2C93-4137-BF20-7E0E1C4111C4}.Release|Any CPU.Build.0 = Release|Any CPU
		{C222489F-3ACB-4315-BAA4-2ACBE289B33B}.Debug|Any CPU.ActiveCfg = Debug|Any CPU
		{C222489F-3ACB-4315-BAA4-2ACBE289B33B}.Debug|Any CPU.Build.0 = Debug|Any CPU
		{C222489F-3ACB-4315-BAA4-2ACBE289B33B}.Release|Any CPU.ActiveCfg = Release|Any CPU
		{C222489F-3ACB-4315-BAA4-2ACBE289B33B}.Release|Any CPU.Build.0 = Release|Any CPU
		{B741DAC4-3909-4ABD-A89D-C4550CC70519}.Debug|Any CPU.ActiveCfg = Debug|Any CPU
		{B741DAC4-3909-4ABD-A89D-C4550CC70519}.Debug|Any CPU.Build.0 = Debug|Any CPU
		{B741DAC4-3909-4ABD-A89D-C4550CC70519}.Release|Any CPU.ActiveCfg = Release|Any CPU
		{B741DAC4-3909-4ABD-A89D-C4550CC70519}.Release|Any CPU.Build.0 = Release|Any CPU
		{D3072538-BF3A-4FE0-A73B-591621CDCCE7}.Debug|Any CPU.ActiveCfg = Debug|Any CPU
		{D3072538-BF3A-4FE0-A73B-591621CDCCE7}.Debug|Any CPU.Build.0 = Debug|Any CPU
		{D3072538-BF3A-4FE0-A73B-591621CDCCE7}.Release|Any CPU.ActiveCfg = Release|Any CPU
		{D3072538-BF3A-4FE0-A73B-591621CDCCE7}.Release|Any CPU.Build.0 = Release|Any CPU
		{88368398-7CE9-4935-B9C8-F0A208A5B3B6}.Debug|Any CPU.ActiveCfg = Debug|Any CPU
		{88368398-7CE9-4935-B9C8-F0A208A5B3B6}.Debug|Any CPU.Build.0 = Debug|Any CPU
		{88368398-7CE9-4935-B9C8-F0A208A5B3B6}.Release|Any CPU.ActiveCfg = Release|Any CPU
		{88368398-7CE9-4935-B9C8-F0A208A5B3B6}.Release|Any CPU.Build.0 = Release|Any CPU
		{D1FCF8C8-5533-4853-9E13-67EC63B7AEE3}.Debug|Any CPU.ActiveCfg = Debug|Any CPU
		{D1FCF8C8-5533-4853-9E13-67EC63B7AEE3}.Debug|Any CPU.Build.0 = Debug|Any CPU
		{D1FCF8C8-5533-4853-9E13-67EC63B7AEE3}.Release|Any CPU.ActiveCfg = Release|Any CPU
		{D1FCF8C8-5533-4853-9E13-67EC63B7AEE3}.Release|Any CPU.Build.0 = Release|Any CPU
		{AEF3C81F-DF03-4F98-B82A-A17C966B1525}.Debug|Any CPU.ActiveCfg = Debug|Any CPU
		{AEF3C81F-DF03-4F98-B82A-A17C966B1525}.Debug|Any CPU.Build.0 = Debug|Any CPU
		{AEF3C81F-DF03-4F98-B82A-A17C966B1525}.Release|Any CPU.ActiveCfg = Release|Any CPU
		{AEF3C81F-DF03-4F98-B82A-A17C966B1525}.Release|Any CPU.Build.0 = Release|Any CPU
		{602F1D82-D008-4F4C-9C9D-AFACE76C8470}.Debug|Any CPU.ActiveCfg = Debug|Any CPU
		{602F1D82-D008-4F4C-9C9D-AFACE76C8470}.Debug|Any CPU.Build.0 = Debug|Any CPU
		{602F1D82-D008-4F4C-9C9D-AFACE76C8470}.Release|Any CPU.ActiveCfg = Release|Any CPU
		{602F1D82-D008-4F4C-9C9D-AFACE76C8470}.Release|Any CPU.Build.0 = Release|Any CPU
		{9AD738E7-9A7F-450D-A511-9D64234FF097}.Debug|Any CPU.ActiveCfg = Debug|Any CPU
		{9AD738E7-9A7F-450D-A511-9D64234FF097}.Debug|Any CPU.Build.0 = Debug|Any CPU
		{9AD738E7-9A7F-450D-A511-9D64234FF097}.Release|Any CPU.ActiveCfg = Release|Any CPU
		{9AD738E7-9A7F-450D-A511-9D64234FF097}.Release|Any CPU.Build.0 = Release|Any CPU
		{9D88899A-FCD4-4EA1-BCBA-BB22652300F4}.Debug|Any CPU.ActiveCfg = Debug|Any CPU
		{9D88899A-FCD4-4EA1-BCBA-BB22652300F4}.Debug|Any CPU.Build.0 = Debug|Any CPU
		{9D88899A-FCD4-4EA1-BCBA-BB22652300F4}.Release|Any CPU.ActiveCfg = Release|Any CPU
		{9D88899A-FCD4-4EA1-BCBA-BB22652300F4}.Release|Any CPU.Build.0 = Release|Any CPU
		{17033992-695B-4627-AA58-1F723E82A046}.Debug|Any CPU.ActiveCfg = Debug|Any CPU
		{17033992-695B-4627-AA58-1F723E82A046}.Debug|Any CPU.Build.0 = Debug|Any CPU
		{17033992-695B-4627-AA58-1F723E82A046}.Release|Any CPU.ActiveCfg = Release|Any CPU
		{17033992-695B-4627-AA58-1F723E82A046}.Release|Any CPU.Build.0 = Release|Any CPU
		{60160617-EEFD-4975-BB11-306E615D6AF1}.Debug|Any CPU.ActiveCfg = Debug|Any CPU
		{60160617-EEFD-4975-BB11-306E615D6AF1}.Debug|Any CPU.Build.0 = Debug|Any CPU
		{60160617-EEFD-4975-BB11-306E615D6AF1}.Release|Any CPU.ActiveCfg = Release|Any CPU
		{60160617-EEFD-4975-BB11-306E615D6AF1}.Release|Any CPU.Build.0 = Release|Any CPU
		{25A5253B-0444-4153-9734-B83D710E382B}.Debug|Any CPU.ActiveCfg = Debug|Any CPU
		{25A5253B-0444-4153-9734-B83D710E382B}.Debug|Any CPU.Build.0 = Debug|Any CPU
		{25A5253B-0444-4153-9734-B83D710E382B}.Release|Any CPU.ActiveCfg = Release|Any CPU
		{25A5253B-0444-4153-9734-B83D710E382B}.Release|Any CPU.Build.0 = Release|Any CPU
		{F0BA651B-0B0E-4DEE-A69A-9E4468C8546A}.Debug|Any CPU.ActiveCfg = Debug|Any CPU
		{F0BA651B-0B0E-4DEE-A69A-9E4468C8546A}.Debug|Any CPU.Build.0 = Debug|Any CPU
		{F0BA651B-0B0E-4DEE-A69A-9E4468C8546A}.Release|Any CPU.ActiveCfg = Release|Any CPU
		{F0BA651B-0B0E-4DEE-A69A-9E4468C8546A}.Release|Any CPU.Build.0 = Release|Any CPU
	EndGlobalSection
	GlobalSection(SolutionProperties) = preSolution
		HideSolutionNode = FALSE
	EndGlobalSection
	GlobalSection(ExtensibilityGlobals) = postSolution
		SolutionGuid = {E93CE319-F5E0-407E-8663-9471F66B3A78}
	EndGlobalSection
EndGlobal
